
Microsoft Visual Studio Solution File, Format Version 12.00
# Visual Studio Version 17
VisualStudioVersion = 17.1.32319.34
MinimumVisualStudioVersion = 10.0.40219.1
Project("{FAE04EC0-301F-11D3-BF4B-00C04F79EFBC}") = "ЗАДАНИЕ 4", "ЗАДАНИЕ 4\ЗАДАНИЕ 4.csproj", "{D0842A07-5072-40EB-918C-1B19D72197A0}"
EndProject
Global
	GlobalSection(SolutionConfigurationPlatforms) = preSolution
		Debug|Any CPU = Debug|Any CPU
		Release|Any CPU = Release|Any CPU
	EndGlobalSection
	GlobalSection(ProjectConfigurationPlatforms) = postSolution
		{D0842A07-5072-40EB-918C-1B19D72197A0}.Debug|Any CPU.ActiveCfg = Debug|Any CPU
		{D0842A07-5072-40EB-918C-1B19D72197A0}.Debug|Any CPU.Build.0 = Debug|Any CPU
		{D0842A07-5072-40EB-918C-1B19D72197A0}.Release|Any CPU.ActiveCfg = Release|Any CPU
		{D0842A07-5072-40EB-918C-1B19D72197A0}.Release|Any CPU.Build.0 = Release|Any CPU
	EndGlobalSection
	GlobalSection(SolutionProperties) = preSolution
		HideSolutionNode = FALSE
	EndGlobalSection
	GlobalSection(ExtensibilityGlobals) = postSolution
		SolutionGuid = {A6761298-5652-43C4-B106-22601AC0F12C}
	EndGlobalSection
EndGlobal
